
Microsoft Visual Studio Solution File, Format Version 12.00
# Visual Studio Version 17
VisualStudioVersion = 17.13.35825.156
MinimumVisualStudioVersion = 10.0.40219.1
Project("{FAE04EC0-301F-11D3-BF4B-00C04F79EFBC}") = "PizzaDeliveryAPIs", "PizzaDeliveryAPIs.csproj", "{E2204FC8-D786-42DC-87CE-7170C638B909}"
EndProject
Global
	GlobalSection(SolutionConfigurationPlatforms) = preSolution
		Debug|Any CPU = Debug|Any CPU
		Release|Any CPU = Release|Any CPU
	EndGlobalSection
	GlobalSection(ProjectConfigurationPlatforms) = postSolution
		{E2204FC8-D786-42DC-87CE-7170C638B909}.Debug|Any CPU.ActiveCfg = Debug|Any CPU
		{E2204FC8-D786-42DC-87CE-7170C638B909}.Debug|Any CPU.Build.0 = Debug|Any CPU
		{E2204FC8-D786-42DC-87CE-7170C638B909}.Release|Any CPU.ActiveCfg = Release|Any CPU
		{E2204FC8-D786-42DC-87CE-7170C638B909}.Release|Any CPU.Build.0 = Release|Any CPU
	EndGlobalSection
	GlobalSection(SolutionProperties) = preSolution
		HideSolutionNode = FALSE
	EndGlobalSection
	GlobalSection(ExtensibilityGlobals) = postSolution
		SolutionGuid = {4499C203-D41D-4830-87D9-C8B2C7CA5AB9}
	EndGlobalSection
EndGlobal
